{
  "name": "@shigde/core",
  "version": "0.0.3",
  "lockfileVersion": 3,
  "requires": true,
  "packages": {
    "": {
      "name": "@shigde/core",
      "version": "0.0.3",
      "license": "MIT",
      "dependencies": {
        "tslib": "^2.3.0"
      },
      "devDependencies": {
        "@types/sdp-transform": "^2.4.9"
      },
      "peerDependencies": {
        "@angular/animations": "^17.0.8",
        "@angular/common": "^17.0.8",
        "@angular/compiler": "^17.0.8",
        "@angular/core": "^17.0.8",
        "@angular/elements": "^17.0.8",
        "@angular/forms": "^17.0.8",
        "@angular/platform-browser": "^17.0.8",
        "@angular/platform-browser-dynamic": "^17.0.8",
        "@angular/router": "^17.0.8",
        "@material/web": "^1.1.1",
        "dexie": "^3.2.4",
        "sdp-transform": "^2.14.1"
      }
    },
    "node_modules/@angular/animations": {
      "version": "17.0.8",
      "resolved": "https://registry.npmjs.org/@angular/animations/-/animations-17.0.8.tgz",
      "integrity": "sha512-iKJ2s4ZqVoGS9tSRBuuwYEWTV+Rw6b4zDY1rqiXvbZrpNRxfzYr6s+aYsLQQEindZ4hzxgp9j60FJ8aE/g4w6A==",
      "peer": true,
      "dependencies": {
        "tslib": "^2.3.0"
      },
      "engines": {
        "node": "^18.13.0 || >=20.9.0"
      },
      "peerDependencies": {
        "@angular/core": "17.0.8"
      }
    },
    "node_modules/@angular/common": {
      "version": "17.0.8",
      "resolved": "https://registry.npmjs.org/@angular/common/-/common-17.0.8.tgz",
      "integrity": "sha512-fFfwtdg7H+OkqnvV/ENu8F8KGfgIiH16DDbQqYY5KQyyQB+SMsoVW29F1fGx6Y30s7ZlsLOy6cHhgrw74itkSw==",
      "peer": true,
      "dependencies": {
        "tslib": "^2.3.0"
      },
      "engines": {
        "node": "^18.13.0 || >=20.9.0"
      },
      "peerDependencies": {
        "@angular/core": "17.0.8",
        "rxjs": "^6.5.3 || ^7.4.0"
      }
    },
    "node_modules/@angular/compiler": {
      "version": "17.0.8",
      "resolved": "https://registry.npmjs.org/@angular/compiler/-/compiler-17.0.8.tgz",
      "integrity": "sha512-48jWypuhBGTrUUbkz1vB9gjbKKZ3hpuJ2DUUncd331Yw4tqkqZQbBa/E3ei4IHiCxEvW2uX3lI4AwlhuozmUtA==",
      "peer": true,
      "dependencies": {
        "tslib": "^2.3.0"
      },
      "engines": {
        "node": "^18.13.0 || >=20.9.0"
      },
      "peerDependencies": {
        "@angular/core": "17.0.8"
      },
      "peerDependenciesMeta": {
        "@angular/core": {
          "optional": true
        }
      }
    },
    "node_modules/@angular/core": {
      "version": "17.0.8",
      "resolved": "https://registry.npmjs.org/@angular/core/-/core-17.0.8.tgz",
      "integrity": "sha512-tzYsK24LdkNuKNJK6efF4XOqspvF/qOe9j/n1Y61a6mNvFwsJFGbcmdZMby4hI/YRm6oIDoIIFjSep8ycp6Pbw==",
      "peer": true,
      "dependencies": {
        "tslib": "^2.3.0"
      },
      "engines": {
        "node": "^18.13.0 || >=20.9.0"
      },
      "peerDependencies": {
        "rxjs": "^6.5.3 || ^7.4.0",
        "zone.js": "~0.14.0"
      }
    },
    "node_modules/@angular/elements": {
      "version": "17.0.8",
      "resolved": "https://registry.npmjs.org/@angular/elements/-/elements-17.0.8.tgz",
      "integrity": "sha512-PEnnzq4xFpqT4XvlWrhqLnir1D50ZtdbtPqvBZW8KdOltB3GW6yuH41+nRfBUTzK6N/2T3oWDgZIFHZsFyw5Vw==",
      "peer": true,
      "dependencies": {
        "tslib": "^2.3.0"
      },
      "engines": {
        "node": "^18.13.0 || >=20.9.0"
      },
      "peerDependencies": {
        "@angular/core": "17.0.8",
        "rxjs": "^6.5.3 || ^7.4.0"
      }
    },
    "node_modules/@angular/forms": {
      "version": "17.0.8",
      "resolved": "https://registry.npmjs.org/@angular/forms/-/forms-17.0.8.tgz",
      "integrity": "sha512-WZBHbMQjaSovAzOMhKqZN+m7eUPGfOzh9rKFKvj6UQLIJ9qSpEpqlvL0omU1z/47s3XXeLiBzomMiRfQISJvvw==",
      "peer": true,
      "dependencies": {
        "tslib": "^2.3.0"
      },
      "engines": {
        "node": "^18.13.0 || >=20.9.0"
      },
      "peerDependencies": {
        "@angular/common": "17.0.8",
        "@angular/core": "17.0.8",
        "@angular/platform-browser": "17.0.8",
        "rxjs": "^6.5.3 || ^7.4.0"
      }
    },
    "node_modules/@angular/platform-browser": {
      "version": "17.0.8",
      "resolved": "https://registry.npmjs.org/@angular/platform-browser/-/platform-browser-17.0.8.tgz",
      "integrity": "sha512-XaI+p2AxQaIHzR761lhPUf4OcOp46WDW0IfbvOzaezHE+8r81joZyVSDQPgXSa/aRfI58YhcfUavuGqyU3PphA==",
      "peer": true,
      "dependencies": {
        "tslib": "^2.3.0"
      },
      "engines": {
        "node": "^18.13.0 || >=20.9.0"
      },
      "peerDependencies": {
        "@angular/animations": "17.0.8",
        "@angular/common": "17.0.8",
        "@angular/core": "17.0.8"
      },
      "peerDependenciesMeta": {
        "@angular/animations": {
          "optional": true
        }
      }
    },
    "node_modules/@angular/platform-browser-dynamic": {
      "version": "17.0.8",
      "resolved": "https://registry.npmjs.org/@angular/platform-browser-dynamic/-/platform-browser-dynamic-17.0.8.tgz",
      "integrity": "sha512-BIXNKnfBZb8sdluQ7WIhIXFuVnsJJ0SV+aiMKzQ7B6XhWoAXZQnlvON2thydjIIVuCvaF3YmWTbILI2K8YZ2jQ==",
      "peer": true,
      "dependencies": {
        "tslib": "^2.3.0"
      },
      "engines": {
        "node": "^18.13.0 || >=20.9.0"
      },
      "peerDependencies": {
        "@angular/common": "17.0.8",
        "@angular/compiler": "17.0.8",
        "@angular/core": "17.0.8",
        "@angular/platform-browser": "17.0.8"
      }
    },
    "node_modules/@angular/router": {
      "version": "17.0.8",
      "resolved": "https://registry.npmjs.org/@angular/router/-/router-17.0.8.tgz",
      "integrity": "sha512-ptphcRe1RG/mIS60R7ZPilkkrxautqB0sOhds3h5VP3g628G1a2HWzvnmvjEfpJWDMFivV32VJMMBtTLqGr+0Q==",
      "peer": true,
      "dependencies": {
        "tslib": "^2.3.0"
      },
      "engines": {
        "node": "^18.13.0 || >=20.9.0"
      },
      "peerDependencies": {
        "@angular/common": "17.0.8",
        "@angular/core": "17.0.8",
        "@angular/platform-browser": "17.0.8",
        "rxjs": "^6.5.3 || ^7.4.0"
      }
    },
    "node_modules/@lit-labs/ssr-dom-shim": {
      "version": "1.1.2",
      "resolved": "https://registry.npmjs.org/@lit-labs/ssr-dom-shim/-/ssr-dom-shim-1.1.2.tgz",
      "integrity": "sha512-jnOD+/+dSrfTWYfSXBXlo5l5f0q1UuJo3tkbMDCYA2lKUYq79jaxqtGEvnRoh049nt1vdo1+45RinipU6FGY2g==",
      "peer": true
    },
    "node_modules/@lit/reactive-element": {
      "version": "2.0.2",
      "resolved": "https://registry.npmjs.org/@lit/reactive-element/-/reactive-element-2.0.2.tgz",
      "integrity": "sha512-SVOwLAWUQg3Ji1egtOt1UiFe4zdDpnWHyc5qctSceJ5XIu0Uc76YmGpIjZgx9YJ0XtdW0Jm507sDvjOu+HnB8w==",
      "peer": true,
      "dependencies": {
        "@lit-labs/ssr-dom-shim": "^1.1.2"
      }
    },
    "node_modules/@material/web": {
      "version": "1.1.1",
      "resolved": "https://registry.npmjs.org/@material/web/-/web-1.1.1.tgz",
      "integrity": "sha512-K7N9yQrQmB42rwvtbVlwK8SGT99oUcqTdHZkxan4v9klcIUYB5BdqlT8CSKYhKFMU6zITHP628E2u+qpYhLYsw==",
      "peer": true,
      "dependencies": {
        "lit": "^2.7.4 || ^3.0.0",
        "tslib": "^2.4.0"
      }
    },
    "node_modules/@types/sdp-transform": {
      "version": "2.4.9",
      "resolved": "https://registry.npmjs.org/@types/sdp-transform/-/sdp-transform-2.4.9.tgz",
      "integrity": "sha512-bVr+/OoZZy7wrHlNcEAAa6PAgKA4BoXPYVN2EijMC5WnGgQ4ZEuixmKnVs2roiAvr7RhIFVH17QD27cojgIZCg==",
      "dev": true
    },
    "node_modules/@types/trusted-types": {
      "version": "2.0.7",
      "resolved": "https://registry.npmjs.org/@types/trusted-types/-/trusted-types-2.0.7.tgz",
      "integrity": "sha512-ScaPdn1dQczgbl0QFTeTOmVHFULt394XJgOQNoyVhZ6r2vLnMLJfBPd53SB52T/3G36VI1/g2MZaX0cwDuXsfw==",
      "peer": true
    },
    "node_modules/dexie": {
      "version": "3.2.4",
      "resolved": "https://registry.npmjs.org/dexie/-/dexie-3.2.4.tgz",
      "integrity": "sha512-VKoTQRSv7+RnffpOJ3Dh6ozknBqzWw/F3iqMdsZg958R0AS8AnY9x9d1lbwENr0gzeGJHXKcGhAMRaqys6SxqA==",
      "peer": true,
      "engines": {
        "node": ">=6.0"
      }
    },
    "node_modules/lit": {
      "version": "3.1.0",
      "resolved": "https://registry.npmjs.org/lit/-/lit-3.1.0.tgz",
      "integrity": "sha512-rzo/hmUqX8zmOdamDAeydfjsGXbbdtAFqMhmocnh2j9aDYqbu0fjXygjCa0T99Od9VQ/2itwaGrjZz/ZELVl7w==",
      "peer": true,
      "dependencies": {
        "@lit/reactive-element": "^2.0.0",
        "lit-element": "^4.0.0",
        "lit-html": "^3.1.0"
      }
    },
    "node_modules/lit-element": {
      "version": "4.0.2",
      "resolved": "https://registry.npmjs.org/lit-element/-/lit-element-4.0.2.tgz",
      "integrity": "sha512-/W6WQZUa5VEXwC7H9tbtDMdSs9aWil3Ou8hU6z2cOKWbsm/tXPAcsoaHVEtrDo0zcOIE5GF6QgU55tlGL2Nihg==",
      "peer": true,
      "dependencies": {
        "@lit-labs/ssr-dom-shim": "^1.1.2",
        "@lit/reactive-element": "^2.0.0",
        "lit-html": "^3.1.0"
      }
    },
    "node_modules/lit-html": {
      "version": "3.1.0",
      "resolved": "https://registry.npmjs.org/lit-html/-/lit-html-3.1.0.tgz",
      "integrity": "sha512-FwAjq3iNsaO6SOZXEIpeROlJLUlrbyMkn4iuv4f4u1H40Jw8wkeR/OUXZUHUoiYabGk8Y4Y0F/rgq+R4MrOLmA==",
      "peer": true,
      "dependencies": {
        "@types/trusted-types": "^2.0.2"
      }
    },
    "node_modules/rxjs": {
      "version": "7.8.1",
      "resolved": "https://registry.npmjs.org/rxjs/-/rxjs-7.8.1.tgz",
      "integrity": "sha512-AA3TVj+0A2iuIoQkWEK/tqFjBq2j+6PO6Y0zJcvzLAFhEFIO3HL0vls9hWLncZbAAbK0mar7oZ4V079I/qPMxg==",
      "peer": true,
      "dependencies": {
        "tslib": "^2.1.0"
      }
    },
    "node_modules/sdp-transform": {
      "version": "2.14.1",
      "resolved": "https://registry.npmjs.org/sdp-transform/-/sdp-transform-2.14.1.tgz",
      "integrity": "sha512-RjZyX3nVwJyCuTo5tGPx+PZWkDMCg7oOLpSlhjDdZfwUoNqG1mM8nyj31IGHyaPWXhjbP7cdK3qZ2bmkJ1GzRw==",
      "peer": true,
      "bin": {
        "sdp-verify": "checker.js"
      }
    },
    "node_modules/tslib": {
      "version": "2.6.2",
      "resolved": "https://registry.npmjs.org/tslib/-/tslib-2.6.2.tgz",
      "integrity": "sha512-AEYxH93jGFPn/a2iVAwW87VuUIkR1FVUKB77NwMF7nBTDkDrrT/Hpt/IrCJ0QXhW27jTBDcf5ZY7w6RiqTMw2Q=="
    },
    "node_modules/zone.js": {
      "version": "0.14.2",
      "resolved": "https://registry.npmjs.org/zone.js/-/zone.js-0.14.2.tgz",
      "integrity": "sha512-X4U7J1isDhoOmHmFWiLhloWc2lzMkdnumtfQ1LXzf/IOZp5NQYuMUTaviVzG/q1ugMBIXzin2AqeVJUoSEkNyQ==",
      "peer": true,
      "dependencies": {
        "tslib": "^2.3.0"
      }
    }
  }
}
