{
  "name": "@shigde/core",
  "version": "0.0.3",
  "lockfileVersion": 3,
  "requires": true,
  "packages": {
    "": {
      "name": "@shigde/core",
      "version": "0.0.3",
      "license": "MIT",
      "dependencies": {
        "tslib": "^2.3.0"
      },
      "devDependencies": {
        "@types/sdp-transform": "^2.4.9"
      },
      "peerDependencies": {
        "@angular/animations": "^18.2.7",
        "@angular/common": "^18.2.7",
        "@angular/compiler": "^18.2.7",
        "@angular/core": "^18.2.7",
        "@angular/elements": "^18.2.7",
        "@angular/forms": "^18.2.7",
        "@angular/platform-browser": "^18.2.7",
        "@angular/platform-browser-dynamic": "^18.2.7",
        "@angular/router": "^18.2.7",
        "@material/web": "^2.2.0",
        "dexie": "^3.2.4",
        "sdp-transform": "^2.14.1"
      }
    },
    "node_modules/@angular/animations": {
      "version": "18.2.7",
      "resolved": "https://registry.npmjs.org/@angular/animations/-/animations-18.2.7.tgz",
      "integrity": "sha512-5B7qD1K+kKOf9lgJT4VNMft3IK2BnRHjN1S6l38ywzQ/nxpmCG7f+qKAAU6CpCywhNUBeXW0hVXTMuMNPVOcQQ==",
      "license": "MIT",
      "peer": true,
      "dependencies": {
        "tslib": "^2.3.0"
      },
      "engines": {
        "node": "^18.19.1 || ^20.11.1 || >=22.0.0"
      },
      "peerDependencies": {
        "@angular/core": "18.2.7"
      }
    },
    "node_modules/@angular/common": {
      "version": "18.2.7",
      "resolved": "https://registry.npmjs.org/@angular/common/-/common-18.2.7.tgz",
      "integrity": "sha512-5vDBmBR2JcIxHVEDunKXNU+T+OvTGiHZTSo35GFOHJxKFgX5g6+0tJBZunK04oBZGbJQUmp3pg2kMvuKKjZnkQ==",
      "license": "MIT",
      "peer": true,
      "dependencies": {
        "tslib": "^2.3.0"
      },
      "engines": {
        "node": "^18.19.1 || ^20.11.1 || >=22.0.0"
      },
      "peerDependencies": {
        "@angular/core": "18.2.7",
        "rxjs": "^6.5.3 || ^7.4.0"
      }
    },
    "node_modules/@angular/compiler": {
      "version": "18.2.7",
      "resolved": "https://registry.npmjs.org/@angular/compiler/-/compiler-18.2.7.tgz",
      "integrity": "sha512-XemlYyRGnu/HrICtXwTPmGtyOrI8BhbGg/HMiJ7sVx40AeEIX0uyDgnu9Gc5OjmtDqZZ8Qftg1sQAxaCVjLb1w==",
      "license": "MIT",
      "peer": true,
      "dependencies": {
        "tslib": "^2.3.0"
      },
      "engines": {
        "node": "^18.19.1 || ^20.11.1 || >=22.0.0"
      },
      "peerDependencies": {
        "@angular/core": "18.2.7"
      },
      "peerDependenciesMeta": {
        "@angular/core": {
          "optional": true
        }
      }
    },
    "node_modules/@angular/core": {
      "version": "18.2.7",
      "resolved": "https://registry.npmjs.org/@angular/core/-/core-18.2.7.tgz",
      "integrity": "sha512-hLOxgxLiyWm9iVHBsUsJfx1hDsXWZnfJBlr+N7cev53f0CDoPfbshqq6KV+JFqXFDguzR9dKHm1ewT1jK3e6Tw==",
      "license": "MIT",
      "peer": true,
      "dependencies": {
        "tslib": "^2.3.0"
      },
      "engines": {
        "node": "^18.19.1 || ^20.11.1 || >=22.0.0"
      },
      "peerDependencies": {
        "rxjs": "^6.5.3 || ^7.4.0",
        "zone.js": "~0.14.10"
      }
    },
    "node_modules/@angular/elements": {
      "version": "18.2.7",
      "resolved": "https://registry.npmjs.org/@angular/elements/-/elements-18.2.7.tgz",
      "integrity": "sha512-bC9BQs2PeVDLk5ngEaQE9xoxJBZ10fOpp9LiSJACCjKJwD/kIIBw5zIxYyOpP/Ln7psjV/8TdQJV5+b6kbm71A==",
      "license": "MIT",
      "peer": true,
      "dependencies": {
        "tslib": "^2.3.0"
      },
      "engines": {
        "node": "^18.19.1 || ^20.11.1 || >=22.0.0"
      },
      "peerDependencies": {
        "@angular/core": "18.2.7",
        "rxjs": "^6.5.3 || ^7.4.0"
      }
    },
    "node_modules/@angular/forms": {
      "version": "18.2.7",
      "resolved": "https://registry.npmjs.org/@angular/forms/-/forms-18.2.7.tgz",
      "integrity": "sha512-WO3c9/OA7ekBnDBgmvi5TlHshOt5S4NREIP+/VVyuRgg28BwUWyO/Nqh19nguE1UNNRt6OMLkT6NSV2ewhcXUg==",
      "license": "MIT",
      "peer": true,
      "dependencies": {
        "tslib": "^2.3.0"
      },
      "engines": {
        "node": "^18.19.1 || ^20.11.1 || >=22.0.0"
      },
      "peerDependencies": {
        "@angular/common": "18.2.7",
        "@angular/core": "18.2.7",
        "@angular/platform-browser": "18.2.7",
        "rxjs": "^6.5.3 || ^7.4.0"
      }
    },
    "node_modules/@angular/platform-browser": {
      "version": "18.2.7",
      "resolved": "https://registry.npmjs.org/@angular/platform-browser/-/platform-browser-18.2.7.tgz",
      "integrity": "sha512-xgj2DH/isFrMZ73dJJm89NRnWBI3AHtugQrZbIapkKBdEt/C1o4SR2W2cV4mPb9o+ELnWurfrxFt9o/q2vnVLw==",
      "license": "MIT",
      "peer": true,
      "dependencies": {
        "tslib": "^2.3.0"
      },
      "engines": {
        "node": "^18.19.1 || ^20.11.1 || >=22.0.0"
      },
      "peerDependencies": {
        "@angular/animations": "18.2.7",
        "@angular/common": "18.2.7",
        "@angular/core": "18.2.7"
      },
      "peerDependenciesMeta": {
        "@angular/animations": {
          "optional": true
        }
      }
    },
    "node_modules/@angular/platform-browser-dynamic": {
      "version": "18.2.7",
      "resolved": "https://registry.npmjs.org/@angular/platform-browser-dynamic/-/platform-browser-dynamic-18.2.7.tgz",
      "integrity": "sha512-BDldzUKjnUjo0NW5gHjBY6CeJP1bWVfF1h/T3idyYG+F4Lxlb3aykRgLWXg4srNLY1KqE7XOYUmgc5cV613bgw==",
      "license": "MIT",
      "peer": true,
      "dependencies": {
        "tslib": "^2.3.0"
      },
      "engines": {
        "node": "^18.19.1 || ^20.11.1 || >=22.0.0"
      },
      "peerDependencies": {
        "@angular/common": "18.2.7",
        "@angular/compiler": "18.2.7",
        "@angular/core": "18.2.7",
        "@angular/platform-browser": "18.2.7"
      }
    },
    "node_modules/@angular/router": {
      "version": "18.2.7",
      "resolved": "https://registry.npmjs.org/@angular/router/-/router-18.2.7.tgz",
      "integrity": "sha512-TXE8Aw63hDp3PEaNu4B1DMNvlS0uCzs36o/OSCCmewmLnzyJygkgi4jeEj20FsWPAQOUj5g5tnCYgxz1IRrCUg==",
      "license": "MIT",
      "peer": true,
      "dependencies": {
        "tslib": "^2.3.0"
      },
      "engines": {
        "node": "^18.19.1 || ^20.11.1 || >=22.0.0"
      },
      "peerDependencies": {
        "@angular/common": "18.2.7",
        "@angular/core": "18.2.7",
        "@angular/platform-browser": "18.2.7",
        "rxjs": "^6.5.3 || ^7.4.0"
      }
    },
    "node_modules/@lit-labs/ssr-dom-shim": {
      "version": "1.1.2",
      "resolved": "https://registry.npmjs.org/@lit-labs/ssr-dom-shim/-/ssr-dom-shim-1.1.2.tgz",
      "integrity": "sha512-jnOD+/+dSrfTWYfSXBXlo5l5f0q1UuJo3tkbMDCYA2lKUYq79jaxqtGEvnRoh049nt1vdo1+45RinipU6FGY2g==",
      "peer": true
    },
    "node_modules/@lit/reactive-element": {
      "version": "2.0.2",
      "resolved": "https://registry.npmjs.org/@lit/reactive-element/-/reactive-element-2.0.2.tgz",
      "integrity": "sha512-SVOwLAWUQg3Ji1egtOt1UiFe4zdDpnWHyc5qctSceJ5XIu0Uc76YmGpIjZgx9YJ0XtdW0Jm507sDvjOu+HnB8w==",
      "peer": true,
      "dependencies": {
        "@lit-labs/ssr-dom-shim": "^1.1.2"
      }
    },
    "node_modules/@material/web": {
      "version": "2.2.0",
      "resolved": "https://registry.npmjs.org/@material/web/-/web-2.2.0.tgz",
      "integrity": "sha512-k1Pi7f04qDRkHfIEdcnL++udN+x5Oq34R47n0Fk7Xo49uz9aKb6ZkO42jC6uvMH0ahOiFDktX9txHgYMDvNa+A==",
      "license": "Apache-2.0",
      "peer": true,
      "workspaces": [
        "catalog"
      ],
      "dependencies": {
        "lit": "^2.7.4 || ^3.0.0",
        "tslib": "^2.4.0"
      }
    },
    "node_modules/@types/sdp-transform": {
      "version": "2.4.9",
      "resolved": "https://registry.npmjs.org/@types/sdp-transform/-/sdp-transform-2.4.9.tgz",
      "integrity": "sha512-bVr+/OoZZy7wrHlNcEAAa6PAgKA4BoXPYVN2EijMC5WnGgQ4ZEuixmKnVs2roiAvr7RhIFVH17QD27cojgIZCg==",
      "dev": true
    },
    "node_modules/@types/trusted-types": {
      "version": "2.0.7",
      "resolved": "https://registry.npmjs.org/@types/trusted-types/-/trusted-types-2.0.7.tgz",
      "integrity": "sha512-ScaPdn1dQczgbl0QFTeTOmVHFULt394XJgOQNoyVhZ6r2vLnMLJfBPd53SB52T/3G36VI1/g2MZaX0cwDuXsfw==",
      "peer": true
    },
    "node_modules/dexie": {
      "version": "3.2.4",
      "resolved": "https://registry.npmjs.org/dexie/-/dexie-3.2.4.tgz",
      "integrity": "sha512-VKoTQRSv7+RnffpOJ3Dh6ozknBqzWw/F3iqMdsZg958R0AS8AnY9x9d1lbwENr0gzeGJHXKcGhAMRaqys6SxqA==",
      "peer": true,
      "engines": {
        "node": ">=6.0"
      }
    },
    "node_modules/lit": {
      "version": "3.1.0",
      "resolved": "https://registry.npmjs.org/lit/-/lit-3.1.0.tgz",
      "integrity": "sha512-rzo/hmUqX8zmOdamDAeydfjsGXbbdtAFqMhmocnh2j9aDYqbu0fjXygjCa0T99Od9VQ/2itwaGrjZz/ZELVl7w==",
      "peer": true,
      "dependencies": {
        "@lit/reactive-element": "^2.0.0",
        "lit-element": "^4.0.0",
        "lit-html": "^3.1.0"
      }
    },
    "node_modules/lit-element": {
      "version": "4.0.2",
      "resolved": "https://registry.npmjs.org/lit-element/-/lit-element-4.0.2.tgz",
      "integrity": "sha512-/W6WQZUa5VEXwC7H9tbtDMdSs9aWil3Ou8hU6z2cOKWbsm/tXPAcsoaHVEtrDo0zcOIE5GF6QgU55tlGL2Nihg==",
      "peer": true,
      "dependencies": {
        "@lit-labs/ssr-dom-shim": "^1.1.2",
        "@lit/reactive-element": "^2.0.0",
        "lit-html": "^3.1.0"
      }
    },
    "node_modules/lit-html": {
      "version": "3.1.0",
      "resolved": "https://registry.npmjs.org/lit-html/-/lit-html-3.1.0.tgz",
      "integrity": "sha512-FwAjq3iNsaO6SOZXEIpeROlJLUlrbyMkn4iuv4f4u1H40Jw8wkeR/OUXZUHUoiYabGk8Y4Y0F/rgq+R4MrOLmA==",
      "peer": true,
      "dependencies": {
        "@types/trusted-types": "^2.0.2"
      }
    },
    "node_modules/rxjs": {
      "version": "7.8.1",
      "resolved": "https://registry.npmjs.org/rxjs/-/rxjs-7.8.1.tgz",
      "integrity": "sha512-AA3TVj+0A2iuIoQkWEK/tqFjBq2j+6PO6Y0zJcvzLAFhEFIO3HL0vls9hWLncZbAAbK0mar7oZ4V079I/qPMxg==",
      "peer": true,
      "dependencies": {
        "tslib": "^2.1.0"
      }
    },
    "node_modules/sdp-transform": {
      "version": "2.14.1",
      "resolved": "https://registry.npmjs.org/sdp-transform/-/sdp-transform-2.14.1.tgz",
      "integrity": "sha512-RjZyX3nVwJyCuTo5tGPx+PZWkDMCg7oOLpSlhjDdZfwUoNqG1mM8nyj31IGHyaPWXhjbP7cdK3qZ2bmkJ1GzRw==",
      "peer": true,
      "bin": {
        "sdp-verify": "checker.js"
      }
    },
    "node_modules/tslib": {
      "version": "2.6.2",
      "resolved": "https://registry.npmjs.org/tslib/-/tslib-2.6.2.tgz",
      "integrity": "sha512-AEYxH93jGFPn/a2iVAwW87VuUIkR1FVUKB77NwMF7nBTDkDrrT/Hpt/IrCJ0QXhW27jTBDcf5ZY7w6RiqTMw2Q=="
    },
    "node_modules/zone.js": {
      "version": "0.14.10",
      "resolved": "https://registry.npmjs.org/zone.js/-/zone.js-0.14.10.tgz",
      "integrity": "sha512-YGAhaO7J5ywOXW6InXNlLmfU194F8lVgu7bRntUF3TiG8Y3nBK0x1UJJuHUP/e8IyihkjCYqhCScpSwnlaSRkQ==",
      "license": "MIT",
      "peer": true
    }
  }
}
